// !$*UTF8*$!
{
	archiveVersion = 1;
	classes = {
	};
	objectVersion = 55;
	objects = {

/* Begin PBXBuildFile section */
		973CC12F2821055D000BC317 /* AppDelegate.swift in Sources */ = {isa = PBXBuildFile; fileRef = 973CC12E2821055D000BC317 /* AppDelegate.swift */; };
		973CC1312821055D000BC317 /* SceneDelegate.swift in Sources */ = {isa = PBXBuildFile; fileRef = 973CC1302821055D000BC317 /* SceneDelegate.swift */; };
		973CC1332821055D000BC317 /* ViewController.swift in Sources */ = {isa = PBXBuildFile; fileRef = 973CC1322821055D000BC317 /* ViewController.swift */; };
		973CC13B2821055F000BC317 /* Assets.xcassets in Resources */ = {isa = PBXBuildFile; fileRef = 973CC13A2821055F000BC317 /* Assets.xcassets */; };
		973CC13E2821055F000BC317 /* LaunchScreen.storyboard in Resources */ = {isa = PBXBuildFile; fileRef = 973CC13C2821055F000BC317 /* LaunchScreen.storyboard */; };
		973CC14628210605000BC317 /* GoonsDesignViewController.swift in Sources */ = {isa = PBXBuildFile; fileRef = 973CC14528210605000BC317 /* GoonsDesignViewController.swift */; };
		973CC1482821085C000BC317 /* View.swift in Sources */ = {isa = PBXBuildFile; fileRef = 973CC1472821085C000BC317 /* View.swift */; };
		973CC14A2821087E000BC317 /* GoonDesignView.swift in Sources */ = {isa = PBXBuildFile; fileRef = 973CC1492821087E000BC317 /* GoonDesignView.swift */; };
		973CC14D28210A9B000BC317 /* SnapKit in Frameworks */ = {isa = PBXBuildFile; productRef = 973CC14C28210A9B000BC317 /* SnapKit */; };
/* End PBXBuildFile section */

/* Begin PBXFileReference section */
		973CC12B2821055D000BC317 /* GoonsDesignInterface.app */ = {isa = PBXFileReference; explicitFileType = wrapper.application; includeInIndex = 0; path = GoonsDesignInterface.app; sourceTree = BUILT_PRODUCTS_DIR; };
		973CC12E2821055D000BC317 /* AppDelegate.swift */ = {isa = PBXFileReference; lastKnownFileType = sourcecode.swift; path = AppDelegate.swift; sourceTree = "<group>"; };
		973CC1302821055D000BC317 /* SceneDelegate.swift */ = {isa = PBXFileReference; lastKnownFileType = sourcecode.swift; path = SceneDelegate.swift; sourceTree = "<group>"; };
		973CC1322821055D000BC317 /* ViewController.swift */ = {isa = PBXFileReference; lastKnownFileType = sourcecode.swift; path = ViewController.swift; sourceTree = "<group>"; };
		973CC13A2821055F000BC317 /* Assets.xcassets */ = {isa = PBXFileReference; lastKnownFileType = folder.assetcatalog; path = Assets.xcassets; sourceTree = "<group>"; };
		973CC13D2821055F000BC317 /* Base */ = {isa = PBXFileReference; lastKnownFileType = file.storyboard; name = Base; path = Base.lproj/LaunchScreen.storyboard; sourceTree = "<group>"; };
		973CC13F2821055F000BC317 /* Info.plist */ = {isa = PBXFileReference; lastKnownFileType = text.plist.xml; path = Info.plist; sourceTree = "<group>"; };
		973CC14528210605000BC317 /* GoonsDesignViewController.swift */ = {isa = PBXFileReference; lastKnownFileType = sourcecode.swift; path = GoonsDesignViewController.swift; sourceTree = "<group>"; };
		973CC1472821085C000BC317 /* View.swift */ = {isa = PBXFileReference; lastKnownFileType = sourcecode.swift; path = View.swift; sourceTree = "<group>"; };
		973CC1492821087E000BC317 /* GoonDesignView.swift */ = {isa = PBXFileReference; lastKnownFileType = sourcecode.swift; path = GoonDesignView.swift; sourceTree = "<group>"; };
/* End PBXFileReference section */

/* Begin PBXFrameworksBuildPhase section */
		973CC1282821055D000BC317 /* Frameworks */ = {
			isa = PBXFrameworksBuildPhase;
			buildActionMask = 2147483647;
			files = (
				973CC14D28210A9B000BC317 /* SnapKit in Frameworks */,
			);
			runOnlyForDeploymentPostprocessing = 0;
		};
/* End PBXFrameworksBuildPhase section */

/* Begin PBXGroup section */
		973CC1222821055D000BC317 = {
			isa = PBXGroup;
			children = (
				973CC12D2821055D000BC317 /* GoonsDesignInterface */,
				973CC12C2821055D000BC317 /* Products */,
			);
			sourceTree = "<group>";
		};
		973CC12C2821055D000BC317 /* Products */ = {
			isa = PBXGroup;
			children = (
				973CC12B2821055D000BC317 /* GoonsDesignInterface.app */,
			);
			name = Products;
			sourceTree = "<group>";
		};
		973CC12D2821055D000BC317 /* GoonsDesignInterface */ = {
			isa = PBXGroup;
			children = (
				973CC12E2821055D000BC317 /* AppDelegate.swift */,
				973CC1302821055D000BC317 /* SceneDelegate.swift */,
				973CC1322821055D000BC317 /* ViewController.swift */,
				973CC1472821085C000BC317 /* View.swift */,
				973CC14528210605000BC317 /* GoonsDesignViewController.swift */,
				973CC1492821087E000BC317 /* GoonDesignView.swift */,
				973CC13A2821055F000BC317 /* Assets.xcassets */,
				973CC13C2821055F000BC317 /* LaunchScreen.storyboard */,
				973CC13F2821055F000BC317 /* Info.plist */,
			);
			path = GoonsDesignInterface;
			sourceTree = "<group>";
		};
/* End PBXGroup section */

/* Begin PBXNativeTarget section */
		973CC12A2821055D000BC317 /* GoonsDesignInterface */ = {
			isa = PBXNativeTarget;
			buildConfigurationList = 973CC1422821055F000BC317 /* Build configuration list for PBXNativeTarget "GoonsDesignInterface" */;
			buildPhases = (
				973CC1272821055D000BC317 /* Sources */,
				973CC1282821055D000BC317 /* Frameworks */,
				973CC1292821055D000BC317 /* Resources */,
			);
			buildRules = (
			);
			dependencies = (
			);
			name = GoonsDesignInterface;
			packageProductDependencies = (
				973CC14C28210A9B000BC317 /* SnapKit */,
			);
			productName = GoonsDesignInterface;
			productReference = 973CC12B2821055D000BC317 /* GoonsDesignInterface.app */;
			productType = "com.apple.product-type.application";
		};
/* End PBXNativeTarget section */

/* Begin PBXProject section */
		973CC1232821055D000BC317 /* Project object */ = {
			isa = PBXProject;
			attributes = {
				BuildIndependentTargetsInParallel = 1;
				LastSwiftUpdateCheck = 1320;
				LastUpgradeCheck = 1320;
				TargetAttributes = {
					973CC12A2821055D000BC317 = {
						CreatedOnToolsVersion = 13.2.1;
					};
				};
			};
			buildConfigurationList = 973CC1262821055D000BC317 /* Build configuration list for PBXProject "GoonsDesignInterface" */;
			compatibilityVersion = "Xcode 13.0";
			developmentRegion = en;
			hasScannedForEncodings = 0;
			knownRegions = (
				en,
				Base,
			);
			mainGroup = 973CC1222821055D000BC317;
			packageReferences = (
				973CC14B28210A9B000BC317 /* XCRemoteSwiftPackageReference "SnapKit" */,
			);
			productRefGroup = 973CC12C2821055D000BC317 /* Products */;
			projectDirPath = "";
			projectRoot = "";
			targets = (
				973CC12A2821055D000BC317 /* GoonsDesignInterface */,
			);
		};
/* End PBXProject section */

/* Begin PBXResourcesBuildPhase section */
		973CC1292821055D000BC317 /* Resources */ = {
			isa = PBXResourcesBuildPhase;
			buildActionMask = 2147483647;
			files = (
				973CC13E2821055F000BC317 /* LaunchScreen.storyboard in Resources */,
				973CC13B2821055F000BC317 /* Assets.xcassets in Resources */,
			);
			runOnlyForDeploymentPostprocessing = 0;
		};
/* End PBXResourcesBuildPhase section */

/* Begin PBXSourcesBuildPhase section */
		973CC1272821055D000BC317 /* Sources */ = {
			isa = PBXSourcesBuildPhase;
			buildActionMask = 2147483647;
			files = (
				973CC1332821055D000BC317 /* ViewController.swift in Sources */,
				973CC14628210605000BC317 /* GoonsDesignViewController.swift in Sources */,
				973CC1482821085C000BC317 /* View.swift in Sources */,
				973CC12F2821055D000BC317 /* AppDelegate.swift in Sources */,
				973CC1312821055D000BC317 /* SceneDelegate.swift in Sources */,
				973CC14A2821087E000BC317 /* GoonDesignView.swift in Sources */,
			);
			runOnlyForDeploymentPostprocessing = 0;
		};
/* End PBXSourcesBuildPhase section */

/* Begin PBXVariantGroup section */
		973CC13C2821055F000BC317 /* LaunchScreen.storyboard */ = {
			isa = PBXVariantGroup;
			children = (
				973CC13D2821055F000BC317 /* Base */,
			);
			name = LaunchScreen.storyboard;
			sourceTree = "<group>";
		};
/* End PBXVariantGroup section */

/* Begin XCBuildConfiguration section */
		973CC1402821055F000BC317 /* Debug */ = {
			isa = XCBuildConfiguration;
			buildSettings = {
				ALWAYS_SEARCH_USER_PATHS = NO;
				CLANG_ANALYZER_NONNULL = YES;
				CLANG_ANALYZER_NUMBER_OBJECT_CONVERSION = YES_AGGRESSIVE;
				CLANG_CXX_LANGUAGE_STANDARD = "gnu++17";
				CLANG_CXX_LIBRARY = "libc++";
				CLANG_ENABLE_MODULES = YES;
				CLANG_ENABLE_OBJC_ARC = YES;
				CLANG_ENABLE_OBJC_WEAK = YES;
				CLANG_WARN_BLOCK_CAPTURE_AUTORELEASING = YES;
				CLANG_WARN_BOOL_CONVERSION = YES;
				CLANG_WARN_COMMA = YES;
				CLANG_WARN_CONSTANT_CONVERSION = YES;
				CLANG_WARN_DEPRECATED_OBJC_IMPLEMENTATIONS = YES;
				CLANG_WARN_DIRECT_OBJC_ISA_USAGE = YES_ERROR;
				CLANG_WARN_DOCUMENTATION_COMMENTS = YES;
				CLANG_WARN_EMPTY_BODY = YES;
				CLANG_WARN_ENUM_CONVERSION = YES;
				CLANG_WARN_INFINITE_RECURSION = YES;
				CLANG_WARN_INT_CONVERSION = YES;
				CLANG_WARN_NON_LITERAL_NULL_CONVERSION = YES;
				CLANG_WARN_OBJC_IMPLICIT_RETAIN_SELF = YES;
				CLANG_WARN_OBJC_LITERAL_CONVERSION = YES;
				CLANG_WARN_OBJC_ROOT_CLASS = YES_ERROR;
				CLANG_WARN_QUOTED_INCLUDE_IN_FRAMEWORK_HEADER = YES;
				CLANG_WARN_RANGE_LOOP_ANALYSIS = YES;
				CLANG_WARN_STRICT_PROTOTYPES = YES;
				CLANG_WARN_SUSPICIOUS_MOVE = YES;
				CLANG_WARN_UNGUARDED_AVAILABILITY = YES_AGGRESSIVE;
				CLANG_WARN_UNREACHABLE_CODE = YES;
				CLANG_WARN__DUPLICATE_METHOD_MATCH = YES;
				COPY_PHASE_STRIP = NO;
				DEBUG_INFORMATION_FORMAT = dwarf;
				ENABLE_STRICT_OBJC_MSGSEND = YES;
				ENABLE_TESTABILITY = YES;
				GCC_C_LANGUAGE_STANDARD = gnu11;
				GCC_DYNAMIC_NO_PIC = NO;
				GCC_NO_COMMON_BLOCKS = YES;
				GCC_OPTIMIZATION_LEVEL = 0;
				GCC_PREPROCESSOR_DEFINITIONS = (
					"DEBUG=1",
					"$(inherited)",
				);
				GCC_WARN_64_TO_32_BIT_CONVERSION = YES;
				GCC_WARN_ABOUT_RETURN_TYPE = YES_ERROR;
				GCC_WARN_UNDECLARED_SELECTOR = YES;
				GCC_WARN_UNINITIALIZED_AUTOS = YES_AGGRESSIVE;
				GCC_WARN_UNUSED_FUNCTION = YES;
				GCC_WARN_UNUSED_VARIABLE = YES;
				IPHONEOS_DEPLOYMENT_TARGET = 15.2;
				MTL_ENABLE_DEBUG_INFO = INCLUDE_SOURCE;
				MTL_FAST_MATH = YES;
				ONLY_ACTIVE_ARCH = YES;
				SDKROOT = iphoneos;
				SWIFT_ACTIVE_COMPILATION_CONDITIONS = DEBUG;
				SWIFT_OPTIMIZATION_LEVEL = "-Onone";
			};
			name = Debug;
		};
		973CC1412821055F000BC317 /* Release */ = {
			isa = XCBuildConfiguration;
			buildSettings = {
				ALWAYS_SEARCH_USER_PATHS = NO;
				CLANG_ANALYZER_NONNULL = YES;
				CLANG_ANALYZER_NUMBER_OBJECT_CONVERSION = YES_AGGRESSIVE;
				CLANG_CXX_LANGUAGE_STANDARD = "gnu++17";
				CLANG_CXX_LIBRARY = "libc++";
				CLANG_ENABLE_MODULES = YES;
				CLANG_ENABLE_OBJC_ARC = YES;
				CLANG_ENABLE_OBJC_WEAK = YES;
				CLANG_WARN_BLOCK_CAPTURE_AUTORELEASING = YES;
				CLANG_WARN_BOOL_CONVERSION = YES;
				CLANG_WARN_COMMA = YES;
				CLANG_WARN_CONSTANT_CONVERSION = YES;
				CLANG_WARN_DEPRECATED_OBJC_IMPLEMENTATIONS = YES;
				CLANG_WARN_DIRECT_OBJC_ISA_USAGE = YES_ERROR;
				CLANG_WARN_DOCUMENTATION_COMMENTS = YES;
				CLANG_WARN_EMPTY_BODY = YES;
				CLANG_WARN_ENUM_CONVERSION = YES;
				CLANG_WARN_INFINITE_RECURSION = YES;
				CLANG_WARN_INT_CONVERSION = YES;
				CLANG_WARN_NON_LITERAL_NULL_CONVERSION = YES;
				CLANG_WARN_OBJC_IMPLICIT_RETAIN_SELF = YES;
				CLANG_WARN_OBJC_LITERAL_CONVERSION = YES;
				CLANG_WARN_OBJC_ROOT_CLASS = YES_ERROR;
				CLANG_WARN_QUOTED_INCLUDE_IN_FRAMEWORK_HEADER = YES;
				CLANG_WARN_RANGE_LOOP_ANALYSIS = YES;
				CLANG_WARN_STRICT_PROTOTYPES = YES;
				CLANG_WARN_SUSPICIOUS_MOVE = YES;
				CLANG_WARN_UNGUARDED_AVAILABILITY = YES_AGGRESSIVE;
				CLANG_WARN_UNREACHABLE_CODE = YES;
				CLANG_WARN__DUPLICATE_METHOD_MATCH = YES;
				COPY_PHASE_STRIP = NO;
				DEBUG_INFORMATION_FORMAT = "dwarf-with-dsym";
				ENABLE_NS_ASSERTIONS = NO;
				ENABLE_STRICT_OBJC_MSGSEND = YES;
				GCC_C_LANGUAGE_STANDARD = gnu11;
				GCC_NO_COMMON_BLOCKS = YES;
				GCC_WARN_64_TO_32_BIT_CONVERSION = YES;
				GCC_WARN_ABOUT_RETURN_TYPE = YES_ERROR;
				GCC_WARN_UNDECLARED_SELECTOR = YES;
				GCC_WARN_UNINITIALIZED_AUTOS = YES_AGGRESSIVE;
				GCC_WARN_UNUSED_FUNCTION = YES;
				GCC_WARN_UNUSED_VARIABLE = YES;
				IPHONEOS_DEPLOYMENT_TARGET = 15.2;
				MTL_ENABLE_DEBUG_INFO = NO;
				MTL_FAST_MATH = YES;
				SDKROOT = iphoneos;
				SWIFT_COMPILATION_MODE = wholemodule;
				SWIFT_OPTIMIZATION_LEVEL = "-O";
				VALIDATE_PRODUCT = YES;
			};
			name = Release;
		};
		973CC1432821055F000BC317 /* Debug */ = {
			isa = XCBuildConfiguration;
			buildSettings = {
				ASSETCATALOG_COMPILER_APPICON_NAME = AppIcon;
				ASSETCATALOG_COMPILER_GLOBAL_ACCENT_COLOR_NAME = AccentColor;
				CODE_SIGN_STYLE = Automatic;
				CURRENT_PROJECT_VERSION = 1;
				DEVELOPMENT_TEAM = QRA5DG5SAD;
				GENERATE_INFOPLIST_FILE = YES;
				INFOPLIST_FILE = GoonsDesignInterface/Info.plist;
				INFOPLIST_KEY_UIApplicationSupportsIndirectInputEvents = YES;
				INFOPLIST_KEY_UILaunchStoryboardName = LaunchScreen;
				INFOPLIST_KEY_UISupportedInterfaceOrientations_iPad = "UIInterfaceOrientationPortrait UIInterfaceOrientationPortraitUpsideDown UIInterfaceOrientationLandscapeLeft UIInterfaceOrientationLandscapeRight";
				INFOPLIST_KEY_UISupportedInterfaceOrientations_iPhone = "UIInterfaceOrientationPortrait UIInterfaceOrientationLandscapeLeft UIInterfaceOrientationLandscapeRight";
				LD_RUNPATH_SEARCH_PATHS = (
					"$(inherited)",
					"@executable_path/Frameworks",
				);
				MARKETING_VERSION = 1.0;
				PRODUCT_BUNDLE_IDENTIFIER = testing.GoonsDesignInterface;
				PRODUCT_NAME = "$(TARGET_NAME)";
				SWIFT_EMIT_LOC_STRINGS = YES;
				SWIFT_VERSION = 5.0;
				TARGETED_DEVICE_FAMILY = "1,2";
			};
			name = Debug;
		};
		973CC1442821055F000BC317 /* Release */ = {
			isa = XCBuildConfiguration;
			buildSettings = {
				ASSETCATALOG_COMPILER_APPICON_NAME = AppIcon;
				ASSETCATALOG_COMPILER_GLOBAL_ACCENT_COLOR_NAME = AccentColor;
				CODE_SIGN_STYLE = Automatic;
				CURRENT_PROJECT_VERSION = 1;
				DEVELOPMENT_TEAM = QRA5DG5SAD;
				GENERATE_INFOPLIST_FILE = YES;
				INFOPLIST_FILE = GoonsDesignInterface/Info.plist;
				INFOPLIST_KEY_UIApplicationSupportsIndirectInputEvents = YES;
				INFOPLIST_KEY_UILaunchStoryboardName = LaunchScreen;
				INFOPLIST_KEY_UISupportedInterfaceOrientations_iPad = "UIInterfaceOrientationPortrait UIInterfaceOrientationPortraitUpsideDown UIInterfaceOrientationLandscapeLeft UIInterfaceOrientationLandscapeRight";
				INFOPLIST_KEY_UISupportedInterfaceOrientations_iPhone = "UIInterfaceOrientationPortrait UIInterfaceOrientationLandscapeLeft UIInterfaceOrientationLandscapeRight";
				LD_RUNPATH_SEARCH_PATHS = (
					"$(inherited)",
					"@executable_path/Frameworks",
				);
				MARKETING_VERSION = 1.0;
				PRODUCT_BUNDLE_IDENTIFIER = testing.GoonsDesignInterface;
				PRODUCT_NAME = "$(TARGET_NAME)";
				SWIFT_EMIT_LOC_STRINGS = YES;
				SWIFT_VERSION = 5.0;
				TARGETED_DEVICE_FAMILY = "1,2";
			};
			name = Release;
		};
/* End XCBuildConfiguration section */

/* Begin XCConfigurationList section */
		973CC1262821055D000BC317 /* Build configuration list for PBXProject "GoonsDesignInterface" */ = {
			isa = XCConfigurationList;
			buildConfigurations = (
				973CC1402821055F000BC317 /* Debug */,
				973CC1412821055F000BC317 /* Release */,
			);
			defaultConfigurationIsVisible = 0;
			defaultConfigurationName = Release;
		};
		973CC1422821055F000BC317 /* Build configuration list for PBXNativeTarget "GoonsDesignInterface" */ = {
			isa = XCConfigurationList;
			buildConfigurations = (
				973CC1432821055F000BC317 /* Debug */,
				973CC1442821055F000BC317 /* Release */,
			);
			defaultConfigurationIsVisible = 0;
			defaultConfigurationName = Release;
		};
/* End XCConfigurationList section */

/* Begin XCRemoteSwiftPackageReference section */
		973CC14B28210A9B000BC317 /* XCRemoteSwiftPackageReference "SnapKit" */ = {
			isa = XCRemoteSwiftPackageReference;
			repositoryURL = "https://github.com/SnapKit/SnapKit";
			requirement = {
				branch = develop;
				kind = branch;
			};
		};
/* End XCRemoteSwiftPackageReference section */

/* Begin XCSwiftPackageProductDependency section */
		973CC14C28210A9B000BC317 /* SnapKit */ = {
			isa = XCSwiftPackageProductDependency;
			package = 973CC14B28210A9B000BC317 /* XCRemoteSwiftPackageReference "SnapKit" */;
			productName = SnapKit;
		};
/* End XCSwiftPackageProductDependency section */
	};
	rootObject = 973CC1232821055D000BC317 /* Project object */;
}
